# This file is automatically @generated by Cargo.
# It is not intended for manual editing.
version = 3

[[package]]
name = "linux"
version = "0.1.0"
source = "git+https://github.com/shipsimfan/lib-linux#25bf444678c99c4b20422ef68c77c1f44715ed52"

[[package]]
name = "uring"
version = "0.1.0"
dependencies = [
 "linux",
]
